// !$*UTF8*$!
{
	archiveVersion = 1;
	classes = {
	};
	objectVersion = 55;
	objects = {

/* Begin PBXBuildFile section */
		1606160827CB652400CC8717 /* PackageDetailscollection.swift in Sources */ = {isa = PBXBuildFile; fileRef = 1606160727CB652400CC8717 /* PackageDetailscollection.swift */; };
		1606160C27CB6C1000CC8717 /* RCollectionViewCell.swift in Sources */ = {isa = PBXBuildFile; fileRef = 1606160B27CB6C1000CC8717 /* RCollectionViewCell.swift */; };
		32026C6B27C7AF9900D96693 /* ButtonsFilterCollectionViewCell.swift in Sources */ = {isa = PBXBuildFile; fileRef = 32026C6A27C7AF9900D96693 /* ButtonsFilterCollectionViewCell.swift */; };
		3213E8C727C3BDA300270EAD /* AppDelegate.swift in Sources */ = {isa = PBXBuildFile; fileRef = 3213E8C627C3BDA300270EAD /* AppDelegate.swift */; };
		3213E8C927C3BDA300270EAD /* SceneDelegate.swift in Sources */ = {isa = PBXBuildFile; fileRef = 3213E8C827C3BDA300270EAD /* SceneDelegate.swift */; };
		3213E8CB27C3BDA300270EAD /* ServicesVC.swift in Sources */ = {isa = PBXBuildFile; fileRef = 3213E8CA27C3BDA300270EAD /* ServicesVC.swift */; };
		3213E8CE27C3BDA300270EAD /* Main.storyboard in Resources */ = {isa = PBXBuildFile; fileRef = 3213E8CC27C3BDA300270EAD /* Main.storyboard */; };
		3213E8D027C3BDA400270EAD /* Assets.xcassets in Resources */ = {isa = PBXBuildFile; fileRef = 3213E8CF27C3BDA400270EAD /* Assets.xcassets */; };
		3213E8D327C3BDA400270EAD /* LaunchScreen.storyboard in Resources */ = {isa = PBXBuildFile; fileRef = 3213E8D127C3BDA400270EAD /* LaunchScreen.storyboard */; };
		3213E8DF27C3BE9100270EAD /* OrganizerInfo.storyboard in Resources */ = {isa = PBXBuildFile; fileRef = 3213E8DE27C3BE9100270EAD /* OrganizerInfo.storyboard */; };
		3213E8E127C3BEAE00270EAD /* PackageDetails.storyboard in Resources */ = {isa = PBXBuildFile; fileRef = 3213E8E027C3BEAE00270EAD /* PackageDetails.storyboard */; };
		3213E8E527C3BEDC00270EAD /* ServiceProviders.storyboard in Resources */ = {isa = PBXBuildFile; fileRef = 3213E8E427C3BEDC00270EAD /* ServiceProviders.storyboard */; };
		3213E8E727C3BEF700270EAD /* RequestDetails.storyboard in Resources */ = {isa = PBXBuildFile; fileRef = 3213E8E627C3BEF700270EAD /* RequestDetails.storyboard */; };
		3213E8EB27C3BF5400270EAD /* OrganizerInfoVC.swift in Sources */ = {isa = PBXBuildFile; fileRef = 3213E8EA27C3BF5400270EAD /* OrganizerInfoVC.swift */; };
		3213E8ED27C3BF6400270EAD /* PackageDetailsVC.swift in Sources */ = {isa = PBXBuildFile; fileRef = 3213E8EC27C3BF6400270EAD /* PackageDetailsVC.swift */; };
		3213E8F127C3BFAC00270EAD /* ServiceProvidersVC.swift in Sources */ = {isa = PBXBuildFile; fileRef = 3213E8F027C3BFAC00270EAD /* ServiceProvidersVC.swift */; };
		3213E8F327C3C00A00270EAD /* RequestsVC.swift in Sources */ = {isa = PBXBuildFile; fileRef = 3213E8F227C3C00A00270EAD /* RequestsVC.swift */; };
		3213E8F527C3C02500270EAD /* RequestDetailsVC.swift in Sources */ = {isa = PBXBuildFile; fileRef = 3213E8F427C3C02500270EAD /* RequestDetailsVC.swift */; };
		3213E8F727C3C03700270EAD /* ProfileVC.swift in Sources */ = {isa = PBXBuildFile; fileRef = 3213E8F627C3C03700270EAD /* ProfileVC.swift */; };
		3213E8F927C3C06D00270EAD /* SavedVC.swift in Sources */ = {isa = PBXBuildFile; fileRef = 3213E8F827C3C06D00270EAD /* SavedVC.swift */; };
		3213E8FB27C3C1B900270EAD /* Services.storyboard in Resources */ = {isa = PBXBuildFile; fileRef = 3213E8FA27C3C1B900270EAD /* Services.storyboard */; };
		3213E8FE27C3C23F00270EAD /* Requests.storyboard in Resources */ = {isa = PBXBuildFile; fileRef = 3213E8FC27C3C23F00270EAD /* Requests.storyboard */; };
		3213E90027C3C30A00270EAD /* Saved.storyboard in Resources */ = {isa = PBXBuildFile; fileRef = 3213E8FF27C3C30A00270EAD /* Saved.storyboard */; };
		3213E90327C3C33F00270EAD /* Profile.storyboard in Resources */ = {isa = PBXBuildFile; fileRef = 3213E90127C3C33F00270EAD /* Profile.storyboard */; };
		323C46F127C4109900570619 /* AdsCollectionViewCell.swift in Sources */ = {isa = PBXBuildFile; fileRef = 323C46F027C4109900570619 /* AdsCollectionViewCell.swift */; };
		32E5A8E927C62922006D9CE8 /* View.xib in Resources */ = {isa = PBXBuildFile; fileRef = 32E5A8E827C62922006D9CE8 /* View.xib */; };
		32E957D327C56D1D00DD4CD6 /* ServicesCollectionViewCell.swift in Sources */ = {isa = PBXBuildFile; fileRef = 32E957D227C56D1D00DD4CD6 /* ServicesCollectionViewCell.swift */; };
		32E957D527C57B9600DD4CD6 /* PackageCollectionViewCell.swift in Sources */ = {isa = PBXBuildFile; fileRef = 32E957D427C57B9600DD4CD6 /* PackageCollectionViewCell.swift */; };
		32EA1BA427CAB51000A91861 /* Notifications.storyboard in Resources */ = {isa = PBXBuildFile; fileRef = 32EA1BA327CAB51000A91861 /* Notifications.storyboard */; };
		32EA1BA627CAB6C200A91861 /* NotificationsVC.swift in Sources */ = {isa = PBXBuildFile; fileRef = 32EA1BA527CAB6C200A91861 /* NotificationsVC.swift */; };
		32EA1BA827CAB92B00A91861 /* NotificationCell.swift in Sources */ = {isa = PBXBuildFile; fileRef = 32EA1BA727CAB92B00A91861 /* NotificationCell.swift */; };
		32EFD16F27C64F2700262F00 /* OrganizersModel.swift in Sources */ = {isa = PBXBuildFile; fileRef = 32EFD16E27C64F2700262F00 /* OrganizersModel.swift */; };
		9CCD992527C77E2400806DBF /* CatagoryCollectionViewCell.swift in Sources */ = {isa = PBXBuildFile; fileRef = 9CCD992427C77E2400806DBF /* CatagoryCollectionViewCell.swift */; };
/* End PBXBuildFile section */

/* Begin PBXFileReference section */
		1606160727CB652400CC8717 /* PackageDetailscollection.swift */ = {isa = PBXFileReference; lastKnownFileType = sourcecode.swift; path = PackageDetailscollection.swift; sourceTree = "<group>"; };
		1606160B27CB6C1000CC8717 /* RCollectionViewCell.swift */ = {isa = PBXFileReference; lastKnownFileType = sourcecode.swift; path = RCollectionViewCell.swift; sourceTree = "<group>"; };
		32026C6A27C7AF9900D96693 /* ButtonsFilterCollectionViewCell.swift */ = {isa = PBXFileReference; lastKnownFileType = sourcecode.swift; path = ButtonsFilterCollectionViewCell.swift; sourceTree = "<group>"; };
		3213E8C327C3BDA300270EAD /* MiniChallenge3.app */ = {isa = PBXFileReference; explicitFileType = wrapper.application; includeInIndex = 0; path = MiniChallenge3.app; sourceTree = BUILT_PRODUCTS_DIR; };
		3213E8C627C3BDA300270EAD /* AppDelegate.swift */ = {isa = PBXFileReference; lastKnownFileType = sourcecode.swift; path = AppDelegate.swift; sourceTree = "<group>"; };
		3213E8C827C3BDA300270EAD /* SceneDelegate.swift */ = {isa = PBXFileReference; lastKnownFileType = sourcecode.swift; path = SceneDelegate.swift; sourceTree = "<group>"; };
		3213E8CA27C3BDA300270EAD /* ServicesVC.swift */ = {isa = PBXFileReference; lastKnownFileType = sourcecode.swift; path = ServicesVC.swift; sourceTree = "<group>"; };
		3213E8CD27C3BDA300270EAD /* Base */ = {isa = PBXFileReference; lastKnownFileType = file.storyboard; name = Base; path = Base.lproj/Main.storyboard; sourceTree = "<group>"; };
		3213E8CF27C3BDA400270EAD /* Assets.xcassets */ = {isa = PBXFileReference; lastKnownFileType = folder.assetcatalog; path = Assets.xcassets; sourceTree = "<group>"; };
		3213E8D227C3BDA400270EAD /* Base */ = {isa = PBXFileReference; lastKnownFileType = file.storyboard; name = Base; path = Base.lproj/LaunchScreen.storyboard; sourceTree = "<group>"; };
		3213E8D427C3BDA400270EAD /* Info.plist */ = {isa = PBXFileReference; lastKnownFileType = text.plist.xml; path = Info.plist; sourceTree = "<group>"; };
		3213E8DE27C3BE9100270EAD /* OrganizerInfo.storyboard */ = {isa = PBXFileReference; lastKnownFileType = file.storyboard; path = OrganizerInfo.storyboard; sourceTree = "<group>"; };
		3213E8E027C3BEAE00270EAD /* PackageDetails.storyboard */ = {isa = PBXFileReference; lastKnownFileType = file.storyboard; path = PackageDetails.storyboard; sourceTree = "<group>"; };
		3213E8E427C3BEDC00270EAD /* ServiceProviders.storyboard */ = {isa = PBXFileReference; lastKnownFileType = file.storyboard; path = ServiceProviders.storyboard; sourceTree = "<group>"; };
		3213E8E627C3BEF700270EAD /* RequestDetails.storyboard */ = {isa = PBXFileReference; lastKnownFileType = file.storyboard; path = RequestDetails.storyboard; sourceTree = "<group>"; };
		3213E8EA27C3BF5400270EAD /* OrganizerInfoVC.swift */ = {isa = PBXFileReference; lastKnownFileType = sourcecode.swift; path = OrganizerInfoVC.swift; sourceTree = "<group>"; };
		3213E8EC27C3BF6400270EAD /* PackageDetailsVC.swift */ = {isa = PBXFileReference; lastKnownFileType = sourcecode.swift; path = PackageDetailsVC.swift; sourceTree = "<group>"; };
		3213E8F027C3BFAC00270EAD /* ServiceProvidersVC.swift */ = {isa = PBXFileReference; lastKnownFileType = sourcecode.swift; path = ServiceProvidersVC.swift; sourceTree = "<group>"; };
		3213E8F227C3C00A00270EAD /* RequestsVC.swift */ = {isa = PBXFileReference; lastKnownFileType = sourcecode.swift; path = RequestsVC.swift; sourceTree = "<group>"; };
		3213E8F427C3C02500270EAD /* RequestDetailsVC.swift */ = {isa = PBXFileReference; lastKnownFileType = sourcecode.swift; path = RequestDetailsVC.swift; sourceTree = "<group>"; };
		3213E8F627C3C03700270EAD /* ProfileVC.swift */ = {isa = PBXFileReference; lastKnownFileType = sourcecode.swift; path = ProfileVC.swift; sourceTree = "<group>"; };
		3213E8F827C3C06D00270EAD /* SavedVC.swift */ = {isa = PBXFileReference; lastKnownFileType = sourcecode.swift; path = SavedVC.swift; sourceTree = "<group>"; };
		3213E8FA27C3C1B900270EAD /* Services.storyboard */ = {isa = PBXFileReference; fileEncoding = 4; lastKnownFileType = file.storyboard; path = Services.storyboard; sourceTree = "<group>"; };
		3213E8FD27C3C23F00270EAD /* Base */ = {isa = PBXFileReference; lastKnownFileType = file.storyboard; name = Base; path = MiniChallenge3/Storyboards/Base.lproj/Requests.storyboard; sourceTree = "<group>"; };
		3213E8FF27C3C30A00270EAD /* Saved.storyboard */ = {isa = PBXFileReference; fileEncoding = 4; lastKnownFileType = file.storyboard; path = Saved.storyboard; sourceTree = "<group>"; };
		3213E90227C3C33F00270EAD /* Base */ = {isa = PBXFileReference; lastKnownFileType = file.storyboard; name = Base; path = MiniChallenge3/Storyboards/Base.lproj/Profile.storyboard; sourceTree = "<group>"; };
		323C46F027C4109900570619 /* AdsCollectionViewCell.swift */ = {isa = PBXFileReference; lastKnownFileType = sourcecode.swift; path = AdsCollectionViewCell.swift; sourceTree = "<group>"; };
		32E5A8E827C62922006D9CE8 /* View.xib */ = {isa = PBXFileReference; lastKnownFileType = file.xib; path = View.xib; sourceTree = "<group>"; };
		32E957D227C56D1D00DD4CD6 /* ServicesCollectionViewCell.swift */ = {isa = PBXFileReference; lastKnownFileType = sourcecode.swift; path = ServicesCollectionViewCell.swift; sourceTree = "<group>"; };
		32E957D427C57B9600DD4CD6 /* PackageCollectionViewCell.swift */ = {isa = PBXFileReference; lastKnownFileType = sourcecode.swift; path = PackageCollectionViewCell.swift; sourceTree = "<group>"; };
		32EA1BA327CAB51000A91861 /* Notifications.storyboard */ = {isa = PBXFileReference; lastKnownFileType = file.storyboard; path = Notifications.storyboard; sourceTree = "<group>"; };
		32EA1BA527CAB6C200A91861 /* NotificationsVC.swift */ = {isa = PBXFileReference; lastKnownFileType = sourcecode.swift; path = NotificationsVC.swift; sourceTree = "<group>"; };
		32EA1BA727CAB92B00A91861 /* NotificationCell.swift */ = {isa = PBXFileReference; lastKnownFileType = sourcecode.swift; path = NotificationCell.swift; sourceTree = "<group>"; };
		32EFD16E27C64F2700262F00 /* OrganizersModel.swift */ = {isa = PBXFileReference; lastKnownFileType = sourcecode.swift; path = OrganizersModel.swift; sourceTree = "<group>"; };
		9CCD992427C77E2400806DBF /* CatagoryCollectionViewCell.swift */ = {isa = PBXFileReference; lastKnownFileType = sourcecode.swift; path = CatagoryCollectionViewCell.swift; sourceTree = "<group>"; };
/* End PBXFileReference section */

/* Begin PBXFrameworksBuildPhase section */
		3213E8C027C3BDA300270EAD /* Frameworks */ = {
			isa = PBXFrameworksBuildPhase;
			buildActionMask = 2147483647;
			files = (
			);
			runOnlyForDeploymentPostprocessing = 0;
		};
/* End PBXFrameworksBuildPhase section */

/* Begin PBXGroup section */
		3213E8BA27C3BDA300270EAD = {
			isa = PBXGroup;
			children = (
				3213E8C527C3BDA300270EAD /* MiniChallenge3 */,
				3213E8C427C3BDA300270EAD /* Products */,
			);
			sourceTree = "<group>";
		};
		3213E8C427C3BDA300270EAD /* Products */ = {
			isa = PBXGroup;
			children = (
				3213E8C327C3BDA300270EAD /* MiniChallenge3.app */,
			);
			name = Products;
			sourceTree = "<group>";
		};
		3213E8C527C3BDA300270EAD /* MiniChallenge3 */ = {
			isa = PBXGroup;
			children = (
				3213E8C827C3BDA300270EAD /* SceneDelegate.swift */,
				3213E8C627C3BDA300270EAD /* AppDelegate.swift */,
				32EFD17027C64F2F00262F00 /* Models */,
				323C46EF27C40ECE00570619 /* Cells */,
				3213E8DB27C3BDC500270EAD /* Storyboards */,
				3213E8DA27C3BDAD00270EAD /* ViewControllers */,
				3213E8CF27C3BDA400270EAD /* Assets.xcassets */,
				3213E8D427C3BDA400270EAD /* Info.plist */,
			);
			path = MiniChallenge3;
			sourceTree = "<group>";
		};
		3213E8DA27C3BDAD00270EAD /* ViewControllers */ = {
			isa = PBXGroup;
			children = (
				3213E8CA27C3BDA300270EAD /* ServicesVC.swift */,
				3213E8EA27C3BF5400270EAD /* OrganizerInfoVC.swift */,
				3213E8EC27C3BF6400270EAD /* PackageDetailsVC.swift */,
				3213E8F227C3C00A00270EAD /* RequestsVC.swift */,
				3213E8F027C3BFAC00270EAD /* ServiceProvidersVC.swift */,
				3213E8F427C3C02500270EAD /* RequestDetailsVC.swift */,
				3213E8F627C3C03700270EAD /* ProfileVC.swift */,
				3213E8F827C3C06D00270EAD /* SavedVC.swift */,
				32EA1BA527CAB6C200A91861 /* NotificationsVC.swift */,
			);
			path = ViewControllers;
			sourceTree = "<group>";
		};
		3213E8DB27C3BDC500270EAD /* Storyboards */ = {
			isa = PBXGroup;
			children = (
				3213E8D127C3BDA400270EAD /* LaunchScreen.storyboard */,
				3213E8CC27C3BDA300270EAD /* Main.storyboard */,
				3213E8FA27C3C1B900270EAD /* Services.storyboard */,
				3213E8FC27C3C23F00270EAD /* Requests.storyboard */,
				3213E8FF27C3C30A00270EAD /* Saved.storyboard */,
				3213E90127C3C33F00270EAD /* Profile.storyboard */,
				3213E8DE27C3BE9100270EAD /* OrganizerInfo.storyboard */,
				3213E8E027C3BEAE00270EAD /* PackageDetails.storyboard */,
				3213E8E427C3BEDC00270EAD /* ServiceProviders.storyboard */,
				3213E8E627C3BEF700270EAD /* RequestDetails.storyboard */,
				32EA1BA327CAB51000A91861 /* Notifications.storyboard */,
			);
			path = Storyboards;
			sourceTree = "<group>";
		};
		323C46EF27C40ECE00570619 /* Cells */ = {
			isa = PBXGroup;
			children = (
				323C46F027C4109900570619 /* AdsCollectionViewCell.swift */,
				32E957D227C56D1D00DD4CD6 /* ServicesCollectionViewCell.swift */,
				32E957D427C57B9600DD4CD6 /* PackageCollectionViewCell.swift */,
				9CCD992427C77E2400806DBF /* CatagoryCollectionViewCell.swift */,
				32026C6A27C7AF9900D96693 /* ButtonsFilterCollectionViewCell.swift */,
				32EA1BA727CAB92B00A91861 /* NotificationCell.swift */,
				32E5A8E827C62922006D9CE8 /* View.xib */,
				1606160727CB652400CC8717 /* PackageDetailscollection.swift */,
				1606160B27CB6C1000CC8717 /* RCollectionViewCell.swift */,
			);
			path = Cells;
			sourceTree = "<group>";
		};
		32EFD17027C64F2F00262F00 /* Models */ = {
			isa = PBXGroup;
			children = (
				32EFD16E27C64F2700262F00 /* OrganizersModel.swift */,
			);
			path = Models;
			sourceTree = "<group>";
		};
/* End PBXGroup section */

/* Begin PBXNativeTarget section */
		3213E8C227C3BDA300270EAD /* MiniChallenge3 */ = {
			isa = PBXNativeTarget;
			buildConfigurationList = 3213E8D727C3BDA400270EAD /* Build configuration list for PBXNativeTarget "MiniChallenge3" */;
			buildPhases = (
				3213E8BF27C3BDA300270EAD /* Sources */,
				3213E8C027C3BDA300270EAD /* Frameworks */,
				3213E8C127C3BDA300270EAD /* Resources */,
			);
			buildRules = (
			);
			dependencies = (
			);
			name = MiniChallenge3;
			productName = MiniChallenge3;
			productReference = 3213E8C327C3BDA300270EAD /* MiniChallenge3.app */;
			productType = "com.apple.product-type.application";
		};
/* End PBXNativeTarget section */

/* Begin PBXProject section */
		3213E8BB27C3BDA300270EAD /* Project object */ = {
			isa = PBXProject;
			attributes = {
				BuildIndependentTargetsInParallel = 1;
				LastSwiftUpdateCheck = 1320;
				LastUpgradeCheck = 1320;
				TargetAttributes = {
					3213E8C227C3BDA300270EAD = {
						CreatedOnToolsVersion = 13.2.1;
					};
				};
			};
			buildConfigurationList = 3213E8BE27C3BDA300270EAD /* Build configuration list for PBXProject "MiniChallenge3" */;
			compatibilityVersion = "Xcode 13.0";
			developmentRegion = en;
			hasScannedForEncodings = 0;
			knownRegions = (
				en,
				Base,
			);
			mainGroup = 3213E8BA27C3BDA300270EAD;
			productRefGroup = 3213E8C427C3BDA300270EAD /* Products */;
			projectDirPath = "";
			projectRoot = "";
			targets = (
				3213E8C227C3BDA300270EAD /* MiniChallenge3 */,
			);
		};
/* End PBXProject section */

/* Begin PBXResourcesBuildPhase section */
		3213E8C127C3BDA300270EAD /* Resources */ = {
			isa = PBXResourcesBuildPhase;
			buildActionMask = 2147483647;
			files = (
				3213E8D327C3BDA400270EAD /* LaunchScreen.storyboard in Resources */,
				3213E90327C3C33F00270EAD /* Profile.storyboard in Resources */,
				3213E8E527C3BEDC00270EAD /* ServiceProviders.storyboard in Resources */,
				3213E8D027C3BDA400270EAD /* Assets.xcassets in Resources */,
				32E5A8E927C62922006D9CE8 /* View.xib in Resources */,
				3213E8FB27C3C1B900270EAD /* Services.storyboard in Resources */,
				3213E90027C3C30A00270EAD /* Saved.storyboard in Resources */,
				3213E8DF27C3BE9100270EAD /* OrganizerInfo.storyboard in Resources */,
				3213E8E127C3BEAE00270EAD /* PackageDetails.storyboard in Resources */,
				3213E8CE27C3BDA300270EAD /* Main.storyboard in Resources */,
				3213E8FE27C3C23F00270EAD /* Requests.storyboard in Resources */,
				3213E8E727C3BEF700270EAD /* RequestDetails.storyboard in Resources */,
				32EA1BA427CAB51000A91861 /* Notifications.storyboard in Resources */,
			);
			runOnlyForDeploymentPostprocessing = 0;
		};
/* End PBXResourcesBuildPhase section */

/* Begin PBXSourcesBuildPhase section */
		3213E8BF27C3BDA300270EAD /* Sources */ = {
			isa = PBXSourcesBuildPhase;
			buildActionMask = 2147483647;
			files = (
				32E957D327C56D1D00DD4CD6 /* ServicesCollectionViewCell.swift in Sources */,
				9CCD992527C77E2400806DBF /* CatagoryCollectionViewCell.swift in Sources */,
				3213E8F927C3C06D00270EAD /* SavedVC.swift in Sources */,
				32E957D527C57B9600DD4CD6 /* PackageCollectionViewCell.swift in Sources */,
				3213E8EB27C3BF5400270EAD /* OrganizerInfoVC.swift in Sources */,
				3213E8F527C3C02500270EAD /* RequestDetailsVC.swift in Sources */,
				3213E8F327C3C00A00270EAD /* RequestsVC.swift in Sources */,
				3213E8F727C3C03700270EAD /* ProfileVC.swift in Sources */,
				3213E8CB27C3BDA300270EAD /* ServicesVC.swift in Sources */,
				32EA1BA627CAB6C200A91861 /* NotificationsVC.swift in Sources */,
				32EA1BA827CAB92B00A91861 /* NotificationCell.swift in Sources */,
				3213E8C727C3BDA300270EAD /* AppDelegate.swift in Sources */,
				32EFD16F27C64F2700262F00 /* OrganizersModel.swift in Sources */,
				1606160C27CB6C1000CC8717 /* RCollectionViewCell.swift in Sources */,
				3213E8ED27C3BF6400270EAD /* PackageDetailsVC.swift in Sources */,
				32026C6B27C7AF9900D96693 /* ButtonsFilterCollectionViewCell.swift in Sources */,
				1606160827CB652400CC8717 /* PackageDetailscollection.swift in Sources */,
				323C46F127C4109900570619 /* AdsCollectionViewCell.swift in Sources */,
				3213E8C927C3BDA300270EAD /* SceneDelegate.swift in Sources */,
				3213E8F127C3BFAC00270EAD /* ServiceProvidersVC.swift in Sources */,
			);
			runOnlyForDeploymentPostprocessing = 0;
		};
/* End PBXSourcesBuildPhase section */

/* Begin PBXVariantGroup section */
		3213E8CC27C3BDA300270EAD /* Main.storyboard */ = {
			isa = PBXVariantGroup;
			children = (
				3213E8CD27C3BDA300270EAD /* Base */,
			);
			name = Main.storyboard;
			sourceTree = "<group>";
		};
		3213E8D127C3BDA400270EAD /* LaunchScreen.storyboard */ = {
			isa = PBXVariantGroup;
			children = (
				3213E8D227C3BDA400270EAD /* Base */,
			);
			name = LaunchScreen.storyboard;
			sourceTree = "<group>";
		};
		3213E8FC27C3C23F00270EAD /* Requests.storyboard */ = {
			isa = PBXVariantGroup;
			children = (
				3213E8FD27C3C23F00270EAD /* Base */,
			);
			name = Requests.storyboard;
			sourceTree = "<group>";
		};
		3213E90127C3C33F00270EAD /* Profile.storyboard */ = {
			isa = PBXVariantGroup;
			children = (
				3213E90227C3C33F00270EAD /* Base */,
			);
			name = Profile.storyboard;
			sourceTree = "<group>";
		};
/* End PBXVariantGroup section */

/* Begin XCBuildConfiguration section */
		3213E8D527C3BDA400270EAD /* Debug */ = {
			isa = XCBuildConfiguration;
			buildSettings = {
				ALWAYS_SEARCH_USER_PATHS = NO;
				CLANG_ANALYZER_NONNULL = YES;
				CLANG_ANALYZER_NUMBER_OBJECT_CONVERSION = YES_AGGRESSIVE;
				CLANG_CXX_LANGUAGE_STANDARD = "gnu++17";
				CLANG_CXX_LIBRARY = "libc++";
				CLANG_ENABLE_MODULES = YES;
				CLANG_ENABLE_OBJC_ARC = YES;
				CLANG_ENABLE_OBJC_WEAK = YES;
				CLANG_WARN_BLOCK_CAPTURE_AUTORELEASING = YES;
				CLANG_WARN_BOOL_CONVERSION = YES;
				CLANG_WARN_COMMA = YES;
				CLANG_WARN_CONSTANT_CONVERSION = YES;
				CLANG_WARN_DEPRECATED_OBJC_IMPLEMENTATIONS = YES;
				CLANG_WARN_DIRECT_OBJC_ISA_USAGE = YES_ERROR;
				CLANG_WARN_DOCUMENTATION_COMMENTS = YES;
				CLANG_WARN_EMPTY_BODY = YES;
				CLANG_WARN_ENUM_CONVERSION = YES;
				CLANG_WARN_INFINITE_RECURSION = YES;
				CLANG_WARN_INT_CONVERSION = YES;
				CLANG_WARN_NON_LITERAL_NULL_CONVERSION = YES;
				CLANG_WARN_OBJC_IMPLICIT_RETAIN_SELF = YES;
				CLANG_WARN_OBJC_LITERAL_CONVERSION = YES;
				CLANG_WARN_OBJC_ROOT_CLASS = YES_ERROR;
				CLANG_WARN_QUOTED_INCLUDE_IN_FRAMEWORK_HEADER = YES;
				CLANG_WARN_RANGE_LOOP_ANALYSIS = YES;
				CLANG_WARN_STRICT_PROTOTYPES = YES;
				CLANG_WARN_SUSPICIOUS_MOVE = YES;
				CLANG_WARN_UNGUARDED_AVAILABILITY = YES_AGGRESSIVE;
				CLANG_WARN_UNREACHABLE_CODE = YES;
				CLANG_WARN__DUPLICATE_METHOD_MATCH = YES;
				COPY_PHASE_STRIP = NO;
				DEBUG_INFORMATION_FORMAT = dwarf;
				ENABLE_STRICT_OBJC_MSGSEND = YES;
				ENABLE_TESTABILITY = YES;
				GCC_C_LANGUAGE_STANDARD = gnu11;
				GCC_DYNAMIC_NO_PIC = NO;
				GCC_NO_COMMON_BLOCKS = YES;
				GCC_OPTIMIZATION_LEVEL = 0;
				GCC_PREPROCESSOR_DEFINITIONS = (
					"DEBUG=1",
					"$(inherited)",
				);
				GCC_WARN_64_TO_32_BIT_CONVERSION = YES;
				GCC_WARN_ABOUT_RETURN_TYPE = YES_ERROR;
				GCC_WARN_UNDECLARED_SELECTOR = YES;
				GCC_WARN_UNINITIALIZED_AUTOS = YES_AGGRESSIVE;
				GCC_WARN_UNUSED_FUNCTION = YES;
				GCC_WARN_UNUSED_VARIABLE = YES;
				IPHONEOS_DEPLOYMENT_TARGET = 15.2;
				MTL_ENABLE_DEBUG_INFO = INCLUDE_SOURCE;
				MTL_FAST_MATH = YES;
				ONLY_ACTIVE_ARCH = YES;
				SDKROOT = iphoneos;
				SWIFT_ACTIVE_COMPILATION_CONDITIONS = DEBUG;
				SWIFT_OPTIMIZATION_LEVEL = "-Onone";
			};
			name = Debug;
		};
		3213E8D627C3BDA400270EAD /* Release */ = {
			isa = XCBuildConfiguration;
			buildSettings = {
				ALWAYS_SEARCH_USER_PATHS = NO;
				CLANG_ANALYZER_NONNULL = YES;
				CLANG_ANALYZER_NUMBER_OBJECT_CONVERSION = YES_AGGRESSIVE;
				CLANG_CXX_LANGUAGE_STANDARD = "gnu++17";
				CLANG_CXX_LIBRARY = "libc++";
				CLANG_ENABLE_MODULES = YES;
				CLANG_ENABLE_OBJC_ARC = YES;
				CLANG_ENABLE_OBJC_WEAK = YES;
				CLANG_WARN_BLOCK_CAPTURE_AUTORELEASING = YES;
				CLANG_WARN_BOOL_CONVERSION = YES;
				CLANG_WARN_COMMA = YES;
				CLANG_WARN_CONSTANT_CONVERSION = YES;
				CLANG_WARN_DEPRECATED_OBJC_IMPLEMENTATIONS = YES;
				CLANG_WARN_DIRECT_OBJC_ISA_USAGE = YES_ERROR;
				CLANG_WARN_DOCUMENTATION_COMMENTS = YES;
				CLANG_WARN_EMPTY_BODY = YES;
				CLANG_WARN_ENUM_CONVERSION = YES;
				CLANG_WARN_INFINITE_RECURSION = YES;
				CLANG_WARN_INT_CONVERSION = YES;
				CLANG_WARN_NON_LITERAL_NULL_CONVERSION = YES;
				CLANG_WARN_OBJC_IMPLICIT_RETAIN_SELF = YES;
				CLANG_WARN_OBJC_LITERAL_CONVERSION = YES;
				CLANG_WARN_OBJC_ROOT_CLASS = YES_ERROR;
				CLANG_WARN_QUOTED_INCLUDE_IN_FRAMEWORK_HEADER = YES;
				CLANG_WARN_RANGE_LOOP_ANALYSIS = YES;
				CLANG_WARN_STRICT_PROTOTYPES = YES;
				CLANG_WARN_SUSPICIOUS_MOVE = YES;
				CLANG_WARN_UNGUARDED_AVAILABILITY = YES_AGGRESSIVE;
				CLANG_WARN_UNREACHABLE_CODE = YES;
				CLANG_WARN__DUPLICATE_METHOD_MATCH = YES;
				COPY_PHASE_STRIP = NO;
				DEBUG_INFORMATION_FORMAT = "dwarf-with-dsym";
				ENABLE_NS_ASSERTIONS = NO;
				ENABLE_STRICT_OBJC_MSGSEND = YES;
				GCC_C_LANGUAGE_STANDARD = gnu11;
				GCC_NO_COMMON_BLOCKS = YES;
				GCC_WARN_64_TO_32_BIT_CONVERSION = YES;
				GCC_WARN_ABOUT_RETURN_TYPE = YES_ERROR;
				GCC_WARN_UNDECLARED_SELECTOR = YES;
				GCC_WARN_UNINITIALIZED_AUTOS = YES_AGGRESSIVE;
				GCC_WARN_UNUSED_FUNCTION = YES;
				GCC_WARN_UNUSED_VARIABLE = YES;
				IPHONEOS_DEPLOYMENT_TARGET = 15.2;
				MTL_ENABLE_DEBUG_INFO = NO;
				MTL_FAST_MATH = YES;
				SDKROOT = iphoneos;
				SWIFT_COMPILATION_MODE = wholemodule;
				SWIFT_OPTIMIZATION_LEVEL = "-O";
				VALIDATE_PRODUCT = YES;
			};
			name = Release;
		};
		3213E8D827C3BDA400270EAD /* Debug */ = {
			isa = XCBuildConfiguration;
			buildSettings = {
				ASSETCATALOG_COMPILER_APPICON_NAME = AppIcon;
				ASSETCATALOG_COMPILER_GLOBAL_ACCENT_COLOR_NAME = AccentColor;
				CODE_SIGN_STYLE = Automatic;
				CURRENT_PROJECT_VERSION = 1;
				DEVELOPMENT_TEAM = 6Y38545486;
				GENERATE_INFOPLIST_FILE = YES;
				INFOPLIST_FILE = MiniChallenge3/Info.plist;
				INFOPLIST_KEY_UIApplicationSupportsIndirectInputEvents = YES;
				INFOPLIST_KEY_UILaunchStoryboardName = LaunchScreen;
				INFOPLIST_KEY_UIMainStoryboardFile = Main;
				INFOPLIST_KEY_UISupportedInterfaceOrientations_iPad = "UIInterfaceOrientationPortrait UIInterfaceOrientationPortraitUpsideDown UIInterfaceOrientationLandscapeLeft UIInterfaceOrientationLandscapeRight";
				INFOPLIST_KEY_UISupportedInterfaceOrientations_iPhone = "UIInterfaceOrientationPortrait UIInterfaceOrientationLandscapeLeft UIInterfaceOrientationLandscapeRight";
				LD_RUNPATH_SEARCH_PATHS = (
					"$(inherited)",
					"@executable_path/Frameworks",
				);
				MARKETING_VERSION = 1.0;
				PRODUCT_BUNDLE_IDENTIFIER = sa.fatimah.MiniChallenge3;
				PRODUCT_NAME = "$(TARGET_NAME)";
				SWIFT_EMIT_LOC_STRINGS = YES;
				SWIFT_VERSION = 5.0;
				TARGETED_DEVICE_FAMILY = "1,2";
			};
			name = Debug;
		};
		3213E8D927C3BDA400270EAD /* Release */ = {
			isa = XCBuildConfiguration;
			buildSettings = {
				ASSETCATALOG_COMPILER_APPICON_NAME = AppIcon;
				ASSETCATALOG_COMPILER_GLOBAL_ACCENT_COLOR_NAME = AccentColor;
				CODE_SIGN_STYLE = Automatic;
				CURRENT_PROJECT_VERSION = 1;
				DEVELOPMENT_TEAM = 6Y38545486;
				GENERATE_INFOPLIST_FILE = YES;
				INFOPLIST_FILE = MiniChallenge3/Info.plist;
				INFOPLIST_KEY_UIApplicationSupportsIndirectInputEvents = YES;
				INFOPLIST_KEY_UILaunchStoryboardName = LaunchScreen;
				INFOPLIST_KEY_UIMainStoryboardFile = Main;
				INFOPLIST_KEY_UISupportedInterfaceOrientations_iPad = "UIInterfaceOrientationPortrait UIInterfaceOrientationPortraitUpsideDown UIInterfaceOrientationLandscapeLeft UIInterfaceOrientationLandscapeRight";
				INFOPLIST_KEY_UISupportedInterfaceOrientations_iPhone = "UIInterfaceOrientationPortrait UIInterfaceOrientationLandscapeLeft UIInterfaceOrientationLandscapeRight";
				LD_RUNPATH_SEARCH_PATHS = (
					"$(inherited)",
					"@executable_path/Frameworks",
				);
				MARKETING_VERSION = 1.0;
				PRODUCT_BUNDLE_IDENTIFIER = sa.fatimah.MiniChallenge3;
				PRODUCT_NAME = "$(TARGET_NAME)";
				SWIFT_EMIT_LOC_STRINGS = YES;
				SWIFT_VERSION = 5.0;
				TARGETED_DEVICE_FAMILY = "1,2";
			};
			name = Release;
		};
/* End XCBuildConfiguration section */

/* Begin XCConfigurationList section */
		3213E8BE27C3BDA300270EAD /* Build configuration list for PBXProject "MiniChallenge3" */ = {
			isa = XCConfigurationList;
			buildConfigurations = (
				3213E8D527C3BDA400270EAD /* Debug */,
				3213E8D627C3BDA400270EAD /* Release */,
			);
			defaultConfigurationIsVisible = 0;
			defaultConfigurationName = Release;
		};
		3213E8D727C3BDA400270EAD /* Build configuration list for PBXNativeTarget "MiniChallenge3" */ = {
			isa = XCConfigurationList;
			buildConfigurations = (
				3213E8D827C3BDA400270EAD /* Debug */,
				3213E8D927C3BDA400270EAD /* Release */,
			);
			defaultConfigurationIsVisible = 0;
			defaultConfigurationName = Release;
		};
/* End XCConfigurationList section */
	};
	rootObject = 3213E8BB27C3BDA300270EAD /* Project object */;
}
